#MicroXplorer Configuration settings - do not modify
File.Version=5
I2C1.GeneralCallMode=I2C_GENERALCALL_ENABLED
I2C1.IPParameters=OwnAddress,GeneralCallMode
I2C1.OwnAddress=0x68
KeepUserPlacement=true
Mcu.Family=STM32F4
Mcu.IP0=I2C1
Mcu.IP1=NVIC
Mcu.IP2=RCC
Mcu.IP3=SPI2
Mcu.IP4=USART3
Mcu.IPNb=5
Mcu.Name=STM32F427V(G-I)Tx
Mcu.Package=LQFP100
Mcu.Pin0=PC5
Mcu.Pin1=PB12
Mcu.Pin2=PB13
Mcu.Pin3=PB14
Mcu.Pin4=PB15
Mcu.Pin5=PD8
Mcu.Pin6=PD9
Mcu.Pin7=PB6
Mcu.Pin8=PB7
Mcu.PinsNb=9
Mcu.UserConstants=
Mcu.UserName=STM32F427VITx
MxCube.Version=4.11.0
MxDb.Version=DB.4.0.110
NVIC.PriorityGroup=NVIC_PRIORITYGROUP_4
NVIC.SysTick_IRQn=true\:0\:0\:false
PB12.GPIOParameters=GPIO_Label
PB12.GPIO_Label=SPI2_NSS
PB12.Locked=true
PB12.Mode=NSS_Signal_Hard
PB12.Signal=SPI2_NSS
PB13.GPIOParameters=GPIO_Label
PB13.GPIO_Label=SPI2_SCK
PB13.Locked=true
PB13.Mode=Full_Duplex_Master
PB13.Signal=SPI2_SCK
PB14.GPIOParameters=GPIO_Label
PB14.GPIO_Label=SPI2_MISO
PB14.Locked=true
PB14.Mode=Full_Duplex_Master
PB14.Signal=SPI2_MISO
PB15.GPIOParameters=GPIO_Label
PB15.GPIO_Label=SPI2_MOSI
PB15.Locked=true
PB15.Mode=Full_Duplex_Master
PB15.Signal=SPI2_MOSI
PB6.GPIOParameters=GPIO_Label
PB6.GPIO_Label=I2C1_SCL
PB6.Mode=I2C
PB6.Signal=I2C1_SCL
PB7.GPIOParameters=GPIO_Label
PB7.GPIO_Label=I2C1_SDA
PB7.Mode=I2C
PB7.Signal=I2C1_SDA
PC5.GPIOParameters=GPIO_Label,GPIO_Speed
PC5.GPIO_Label=PC5
PC5.GPIO_Speed=GPIO_SPEED_MEDIUM
PC5.Locked=true
PC5.Signal=GPIO_Output
PCC.Checker=false
PCC.Line=STM32F427/437
PCC.MCU=STM32F427V(G-I)Tx
PCC.MXVersion=4.11.0
PCC.PartNumber=STM32F427VITx
PCC.Seq0=0
PCC.Series=STM32F4
PCC.Temperature=25
PCC.Vdd=null
PD8.GPIOParameters=GPIO_Label,GPIO_Speed
PD8.GPIO_Label=Tx
PD8.GPIO_Speed=GPIO_SPEED_MEDIUM
PD8.Locked=true
PD8.Mode=Asynchronous
PD8.Signal=USART3_TX
PD9.GPIOParameters=GPIO_Label,GPIO_Speed
PD9.GPIO_Label=Rx
PD9.GPIO_Speed=GPIO_SPEED_MEDIUM
PD9.Locked=true
PD9.Mode=Asynchronous
PD9.Signal=USART3_RX
ProjectManager.AskForMigrate=true
ProjectManager.BackupPrevious=false
ProjectManager.CompilerOptimize=2
ProjectManager.ComputerToolchain=false
ProjectManager.CoupleFile=true
ProjectManager.DeletePrevious=true
ProjectManager.DeviceId=STM32F427VITx
ProjectManager.FirmwarePackage=STM32Cube FW_F4 V1.9.0
ProjectManager.FreePins=false
ProjectManager.HalAssertFull=false
ProjectManager.KeepUserCode=true
ProjectManager.LastFirmware=true
ProjectManager.LibraryCopy=0
ProjectManager.ProjectBuild=false
ProjectManager.ProjectFileName=test2.ioc
ProjectManager.ProjectName=test2
ProjectManager.TargetToolchain=MDK-ARM V5
ProjectManager.ToolChainLocation=
RCC.48MHZClocksFreq_Value=90000000
RCC.AHBFreq_Value=180000000
RCC.APB1CLKDivider=RCC_HCLK_DIV4
RCC.APB1Freq_Value=45000000
RCC.APB1TimFreq_Value=90000000
RCC.APB2CLKDivider=RCC_HCLK_DIV2
RCC.APB2Freq_Value=90000000
RCC.APB2TimFreq_Value=180000000
RCC.CortexFreq_Value=180000000
RCC.EthernetFreq_Value=180000000
RCC.FCLKCortexFreq_Value=180000000
RCC.FamilyName=M
RCC.HCLKFreq_Value=180000000
RCC.HSE_VALUE=8000000
RCC.HSI_VALUE=16000000
RCC.I2SClocksFreq_Value=96000000
RCC.IPParameters=FamilyName,HSI_VALUE,HSE_VALUE,RTCHSEDivFreq_Value,LSE_VALUE,SYSCLKFreq_VALUE,AHBFreq_Value,CortexFreq_Value,APB1Freq_Value,APB2Freq_Value,VCOInputFreq_Value,VCOSAIOutputFreq_Value,VCOSAIOutputFreq_ValueQ,VCOOutputFreq_Value,PLLCLKFreq_Value,PLLQCLKFreq_Value,VCOI2SOutputFreq_Value,VcooutputI2S,I2SClocksFreq_Value,VcooutputI2SQ,LSI_VALUE,RTCFreq_Value,SAI_BClocksFreq_Value,SAI_AClocksFreq_Value,48MHZClocksFreq_Value,PLLN,SYSCLKSource,HCLKFreq_Value,FCLKCortexFreq_Value,APB1TimFreq_Value,APB2TimFreq_Value,EthernetFreq_Value,MCO2PinFreq_Value,APB1CLKDivider,APB2CLKDivider
RCC.LSE_VALUE=32768
RCC.LSI_VALUE=32000
RCC.MCO2PinFreq_Value=180000000
RCC.PLLCLKFreq_Value=180000000
RCC.PLLN=360
RCC.PLLQCLKFreq_Value=90000000
RCC.RTCFreq_Value=32000
RCC.RTCHSEDivFreq_Value=4000000
RCC.SAI_AClocksFreq_Value=12250000
RCC.SAI_BClocksFreq_Value=12250000
RCC.SYSCLKFreq_VALUE=180000000
RCC.SYSCLKSource=RCC_SYSCLKSOURCE_PLLCLK
RCC.VCOI2SOutputFreq_Value=192000000
RCC.VCOInputFreq_Value=1000000
RCC.VCOOutputFreq_Value=360000000
RCC.VCOSAIOutputFreq_Value=49000000
RCC.VCOSAIOutputFreq_ValueQ=12250000
RCC.VcooutputI2S=96000000
RCC.VcooutputI2SQ=96000000
SPI2.BaudRatePrescaler=SPI_BAUDRATEPRESCALER_64
SPI2.CLKPhase=SPI_PHASE_2EDGE
SPI2.CLKPolarity=SPI_POLARITY_HIGH
SPI2.CalculateBaudRate=703.125 KBits/s
SPI2.IPParameters=Mode,CalculateBaudRate,VirtualNSS,BaudRatePrescaler,CLKPolarity,CLKPhase
SPI2.Mode=SPI_MODE_MASTER
SPI2.VirtualNSS=VM_NSSHARD
board=test2
